
Microsoft Visual Studio Solution File, Format Version 12.00
# Visual Studio Version 17
VisualStudioVersion = 17.5.2.0
MinimumVisualStudioVersion = 10.0.40219.1
Project("{2150E333-8FDC-42A3-9474-1A3956D46DE8}") = "Itens de Solução", "Itens de Solução", "{92881716-A2F9-4E9D-BC16-04A7E0C2CC37}"
	ProjectSection(SolutionItems) = preProject
		.gitignore = .gitignore
	EndProjectSection
EndProject
Project("{2150E333-8FDC-42A3-9474-1A3956D46DE8}") = "nextflow", "nextflow", "{E5CAE5AC-98B9-C3A9-8B4E-C58EB5B11D02}"
EndProject
Project("{FAE04EC0-301F-11D3-BF4B-00C04F79EFBC}") = "Nextflow", "nextflow\Nextflow.csproj", "{5C093EB2-D199-4913-966C-B1EFAE9B0B48}"
EndProject
Project("{2150E333-8FDC-42A3-9474-1A3956D46DE8}") = "nextflow.Application", "nextflow.Application", "{04CF16CA-4C1E-CF39-835E-F32ADB1C18C5}"
EndProject
Project("{FAE04EC0-301F-11D3-BF4B-00C04F79EFBC}") = "Nextflow.Application", "nextflow.Application\Nextflow.Application.csproj", "{9784796C-743D-4150-973B-D5BDDA5E8E2E}"
EndProject
Project("{2150E333-8FDC-42A3-9474-1A3956D46DE8}") = "nextflow.Domain", "nextflow.Domain", "{146F4BAC-8A50-3057-DFE9-5BB55E4C595F}"
EndProject
Project("{FAE04EC0-301F-11D3-BF4B-00C04F79EFBC}") = "Nextflow.Domain", "nextflow.Domain\Nextflow.Domain.csproj", "{AEC52B72-6A00-4793-ACB3-7449896BF8E2}"
EndProject
Project("{2150E333-8FDC-42A3-9474-1A3956D46DE8}") = "nextflow.Infrastructure", "nextflow.Infrastructure", "{F3105966-8541-CB5F-F06B-AF6312FE4DDF}"
EndProject
Project("{FAE04EC0-301F-11D3-BF4B-00C04F79EFBC}") = "Nextflow.Infrastructure", "nextflow.Infrastructure\Nextflow.Infrastructure.csproj", "{1A26DF69-F3C3-497B-BC74-194CF23851B2}"
EndProject
Global
	GlobalSection(SolutionConfigurationPlatforms) = preSolution
		Debug|Any CPU = Debug|Any CPU
		Debug|x64 = Debug|x64
		Debug|x86 = Debug|x86
		Release|Any CPU = Release|Any CPU
		Release|x64 = Release|x64
		Release|x86 = Release|x86
	EndGlobalSection
	GlobalSection(ProjectConfigurationPlatforms) = postSolution
		{5C093EB2-D199-4913-966C-B1EFAE9B0B48}.Debug|Any CPU.ActiveCfg = Debug|Any CPU
		{5C093EB2-D199-4913-966C-B1EFAE9B0B48}.Debug|Any CPU.Build.0 = Debug|Any CPU
		{5C093EB2-D199-4913-966C-B1EFAE9B0B48}.Debug|x64.ActiveCfg = Debug|Any CPU
		{5C093EB2-D199-4913-966C-B1EFAE9B0B48}.Debug|x64.Build.0 = Debug|Any CPU
		{5C093EB2-D199-4913-966C-B1EFAE9B0B48}.Debug|x86.ActiveCfg = Debug|Any CPU
		{5C093EB2-D199-4913-966C-B1EFAE9B0B48}.Debug|x86.Build.0 = Debug|Any CPU
		{5C093EB2-D199-4913-966C-B1EFAE9B0B48}.Release|Any CPU.ActiveCfg = Release|Any CPU
		{5C093EB2-D199-4913-966C-B1EFAE9B0B48}.Release|Any CPU.Build.0 = Release|Any CPU
		{5C093EB2-D199-4913-966C-B1EFAE9B0B48}.Release|x64.ActiveCfg = Release|Any CPU
		{5C093EB2-D199-4913-966C-B1EFAE9B0B48}.Release|x64.Build.0 = Release|Any CPU
		{5C093EB2-D199-4913-966C-B1EFAE9B0B48}.Release|x86.ActiveCfg = Release|Any CPU
		{5C093EB2-D199-4913-966C-B1EFAE9B0B48}.Release|x86.Build.0 = Release|Any CPU
		{9784796C-743D-4150-973B-D5BDDA5E8E2E}.Debug|Any CPU.ActiveCfg = Debug|Any CPU
		{9784796C-743D-4150-973B-D5BDDA5E8E2E}.Debug|Any CPU.Build.0 = Debug|Any CPU
		{9784796C-743D-4150-973B-D5BDDA5E8E2E}.Debug|x64.ActiveCfg = Debug|Any CPU
		{9784796C-743D-4150-973B-D5BDDA5E8E2E}.Debug|x64.Build.0 = Debug|Any CPU
		{9784796C-743D-4150-973B-D5BDDA5E8E2E}.Debug|x86.ActiveCfg = Debug|Any CPU
		{9784796C-743D-4150-973B-D5BDDA5E8E2E}.Debug|x86.Build.0 = Debug|Any CPU
		{9784796C-743D-4150-973B-D5BDDA5E8E2E}.Release|Any CPU.ActiveCfg = Release|Any CPU
		{9784796C-743D-4150-973B-D5BDDA5E8E2E}.Release|Any CPU.Build.0 = Release|Any CPU
		{9784796C-743D-4150-973B-D5BDDA5E8E2E}.Release|x64.ActiveCfg = Release|Any CPU
		{9784796C-743D-4150-973B-D5BDDA5E8E2E}.Release|x64.Build.0 = Release|Any CPU
		{9784796C-743D-4150-973B-D5BDDA5E8E2E}.Release|x86.ActiveCfg = Release|Any CPU
		{9784796C-743D-4150-973B-D5BDDA5E8E2E}.Release|x86.Build.0 = Release|Any CPU
		{AEC52B72-6A00-4793-ACB3-7449896BF8E2}.Debug|Any CPU.ActiveCfg = Debug|Any CPU
		{AEC52B72-6A00-4793-ACB3-7449896BF8E2}.Debug|Any CPU.Build.0 = Debug|Any CPU
		{AEC52B72-6A00-4793-ACB3-7449896BF8E2}.Debug|x64.ActiveCfg = Debug|Any CPU
		{AEC52B72-6A00-4793-ACB3-7449896BF8E2}.Debug|x64.Build.0 = Debug|Any CPU
		{AEC52B72-6A00-4793-ACB3-7449896BF8E2}.Debug|x86.ActiveCfg = Debug|Any CPU
		{AEC52B72-6A00-4793-ACB3-7449896BF8E2}.Debug|x86.Build.0 = Debug|Any CPU
		{AEC52B72-6A00-4793-ACB3-7449896BF8E2}.Release|Any CPU.ActiveCfg = Release|Any CPU
		{AEC52B72-6A00-4793-ACB3-7449896BF8E2}.Release|Any CPU.Build.0 = Release|Any CPU
		{AEC52B72-6A00-4793-ACB3-7449896BF8E2}.Release|x64.ActiveCfg = Release|Any CPU
		{AEC52B72-6A00-4793-ACB3-7449896BF8E2}.Release|x64.Build.0 = Release|Any CPU
		{AEC52B72-6A00-4793-ACB3-7449896BF8E2}.Release|x86.ActiveCfg = Release|Any CPU
		{AEC52B72-6A00-4793-ACB3-7449896BF8E2}.Release|x86.Build.0 = Release|Any CPU
		{1A26DF69-F3C3-497B-BC74-194CF23851B2}.Debug|Any CPU.ActiveCfg = Debug|Any CPU
		{1A26DF69-F3C3-497B-BC74-194CF23851B2}.Debug|Any CPU.Build.0 = Debug|Any CPU
		{1A26DF69-F3C3-497B-BC74-194CF23851B2}.Debug|x64.ActiveCfg = Debug|Any CPU
		{1A26DF69-F3C3-497B-BC74-194CF23851B2}.Debug|x64.Build.0 = Debug|Any CPU
		{1A26DF69-F3C3-497B-BC74-194CF23851B2}.Debug|x86.ActiveCfg = Debug|Any CPU
		{1A26DF69-F3C3-497B-BC74-194CF23851B2}.Debug|x86.Build.0 = Debug|Any CPU
		{1A26DF69-F3C3-497B-BC74-194CF23851B2}.Release|Any CPU.ActiveCfg = Release|Any CPU
		{1A26DF69-F3C3-497B-BC74-194CF23851B2}.Release|Any CPU.Build.0 = Release|Any CPU
		{1A26DF69-F3C3-497B-BC74-194CF23851B2}.Release|x64.ActiveCfg = Release|Any CPU
		{1A26DF69-F3C3-497B-BC74-194CF23851B2}.Release|x64.Build.0 = Release|Any CPU
		{1A26DF69-F3C3-497B-BC74-194CF23851B2}.Release|x86.ActiveCfg = Release|Any CPU
		{1A26DF69-F3C3-497B-BC74-194CF23851B2}.Release|x86.Build.0 = Release|Any CPU
	EndGlobalSection
	GlobalSection(SolutionProperties) = preSolution
		HideSolutionNode = FALSE
	EndGlobalSection
	GlobalSection(NestedProjects) = preSolution
		{5C093EB2-D199-4913-966C-B1EFAE9B0B48} = {E5CAE5AC-98B9-C3A9-8B4E-C58EB5B11D02}
		{9784796C-743D-4150-973B-D5BDDA5E8E2E} = {04CF16CA-4C1E-CF39-835E-F32ADB1C18C5}
		{AEC52B72-6A00-4793-ACB3-7449896BF8E2} = {146F4BAC-8A50-3057-DFE9-5BB55E4C595F}
		{1A26DF69-F3C3-497B-BC74-194CF23851B2} = {F3105966-8541-CB5F-F06B-AF6312FE4DDF}
	EndGlobalSection
	GlobalSection(ExtensibilityGlobals) = postSolution
		SolutionGuid = {35F20372-AB93-429E-86F8-975C6770EC92}
	EndGlobalSection
EndGlobal
